{
  "name": "ludo",
  "version": "1.0.0",
  "lockfileVersion": 2,
  "requires": true,
  "packages": {
    "": {
      "name": "ludo",
      "version": "1.0.0",
      "license": "ISC",
      "dependencies": {
        "sfs2x-api": "^1.7.20"
      }
    },
    "node_modules/sfs2x-api": {
      "version": "1.7.20",
      "resolved": "https://registry.npmjs.org/sfs2x-api/-/sfs2x-api-1.7.20.tgz",
      "integrity": "sha512-u46bBES5ocw6rk5c2DLQQHAsssoLOECNX7Nju7Pf6gErrY6gMSlzIisBuffw3uK2uKZQOKjc2MS5SIE6oD5yLg=="
    }
  },
  "dependencies": {
    "sfs2x-api": {
      "version": "1.7.20",
      "resolved": "https://registry.npmjs.org/sfs2x-api/-/sfs2x-api-1.7.20.tgz",
      "integrity": "sha512-u46bBES5ocw6rk5c2DLQQHAsssoLOECNX7Nju7Pf6gErrY6gMSlzIisBuffw3uK2uKZQOKjc2MS5SIE6oD5yLg=="
    }
  }
}
