{
  "name": "ludo",
  "version": "1.0.0",
  "lockfileVersion": 2,
  "requires": true,
  "packages": {
    "": {
      "name": "ludo",
      "version": "1.0.0",
      "license": "ISC",
      "dependencies": {
        "roddeh-i18n": "^1.2.1",
        "sfs2x-api": "^1.7.20"
      }
    },
    "node_modules/roddeh-i18n": {
      "version": "1.2.1",
      "resolved": "https://registry.npmjs.org/roddeh-i18n/-/roddeh-i18n-1.2.1.tgz",
      "integrity": "sha512-g2ByMu2JXNWx3VlComQHlf0Mbktx8Vl8MauNauK6x0cH65WgrCUd32SmmxqeOuzkdQHtVgsyeuKDmW6vZOxBHw=="
    },
    "node_modules/sfs2x-api": {
      "version": "1.8.0",
      "resolved": "https://registry.npmjs.org/sfs2x-api/-/sfs2x-api-1.8.0.tgz",
      "integrity": "sha512-uNKrHvPH857EBW+eTUJP8lsGH7RaQy30m/rZexIC0iwScvfeyIF36lD+Zm5z9Pc76N0L4rd7/YbgSD06Gh/ezw=="
    }
  },
  "dependencies": {
    "roddeh-i18n": {
      "version": "1.2.1",
      "resolved": "https://registry.npmjs.org/roddeh-i18n/-/roddeh-i18n-1.2.1.tgz",
      "integrity": "sha512-g2ByMu2JXNWx3VlComQHlf0Mbktx8Vl8MauNauK6x0cH65WgrCUd32SmmxqeOuzkdQHtVgsyeuKDmW6vZOxBHw=="
    },
    "sfs2x-api": {
      "version": "1.8.0",
      "resolved": "https://registry.npmjs.org/sfs2x-api/-/sfs2x-api-1.8.0.tgz",
      "integrity": "sha512-uNKrHvPH857EBW+eTUJP8lsGH7RaQy30m/rZexIC0iwScvfeyIF36lD+Zm5z9Pc76N0L4rd7/YbgSD06Gh/ezw=="
    }
  }
}
